// !$*UTF8*$!
{
	archiveVersion = 1;
	classes = {
	};
	objectVersion = 50;
	objects = {

/* Begin PBXBuildFile section */
		9FA6EE39258F8DC60044B794 /* NotificationCenter.swift in Sources */ = {isa = PBXBuildFile; fileRef = 9FA6EE38258F8DC60044B794 /* NotificationCenter.swift */; };
		9FA6EE54258FD7DF0044B794 /* UserDefault.swift in Sources */ = {isa = PBXBuildFile; fileRef = 9FA6EE53258FD7DF0044B794 /* UserDefault.swift */; };
		9FB5DE1D258A106300C5B7B5 /* AppDelegate.swift in Sources */ = {isa = PBXBuildFile; fileRef = 9FB5DE1C258A106300C5B7B5 /* AppDelegate.swift */; };
		9FB5DE1F258A106300C5B7B5 /* SceneDelegate.swift in Sources */ = {isa = PBXBuildFile; fileRef = 9FB5DE1E258A106300C5B7B5 /* SceneDelegate.swift */; };
		9FB5DE21258A106300C5B7B5 /* IntradayVC.swift in Sources */ = {isa = PBXBuildFile; fileRef = 9FB5DE20258A106300C5B7B5 /* IntradayVC.swift */; };
		9FB5DE24258A106300C5B7B5 /* Main.storyboard in Resources */ = {isa = PBXBuildFile; fileRef = 9FB5DE22258A106300C5B7B5 /* Main.storyboard */; };
		9FB5DE27258A106300C5B7B5 /* AIASingaporeProject.xcdatamodeld in Sources */ = {isa = PBXBuildFile; fileRef = 9FB5DE25258A106300C5B7B5 /* AIASingaporeProject.xcdatamodeld */; };
		9FB5DE29258A106500C5B7B5 /* Assets.xcassets in Resources */ = {isa = PBXBuildFile; fileRef = 9FB5DE28258A106500C5B7B5 /* Assets.xcassets */; };
		9FB5DE2C258A106500C5B7B5 /* LaunchScreen.storyboard in Resources */ = {isa = PBXBuildFile; fileRef = 9FB5DE2A258A106500C5B7B5 /* LaunchScreen.storyboard */; };
		9FB5DE37258A106500C5B7B5 /* AIASingaporeProjectTests.swift in Sources */ = {isa = PBXBuildFile; fileRef = 9FB5DE36258A106500C5B7B5 /* AIASingaporeProjectTests.swift */; };
		9FB5DE42258A106500C5B7B5 /* AIASingaporeProjectUITests.swift in Sources */ = {isa = PBXBuildFile; fileRef = 9FB5DE41258A106500C5B7B5 /* AIASingaporeProjectUITests.swift */; };
		9FB5DE53258A13BE00C5B7B5 /* WebServices.swift in Sources */ = {isa = PBXBuildFile; fileRef = 9FB5DE52258A13BE00C5B7B5 /* WebServices.swift */; };
		9FB5DE75258B288400C5B7B5 /* DailyVC.swift in Sources */ = {isa = PBXBuildFile; fileRef = 9FB5DE74258B288400C5B7B5 /* DailyVC.swift */; };
		9FB5DE7A258B289300C5B7B5 /* PreferencesCV.swift in Sources */ = {isa = PBXBuildFile; fileRef = 9FB5DE79258B289300C5B7B5 /* PreferencesCV.swift */; };
		9FB5DE7F258B3E2B00C5B7B5 /* IntradayCell.swift in Sources */ = {isa = PBXBuildFile; fileRef = 9FB5DE7E258B3E2B00C5B7B5 /* IntradayCell.swift */; };
		9FB5DE94258B558F00C5B7B5 /* IntradayListViewModel.swift in Sources */ = {isa = PBXBuildFile; fileRef = 9FB5DE93258B558F00C5B7B5 /* IntradayListViewModel.swift */; };
		9FB5DEB5258C919500C5B7B5 /* DailyListViewModel.swift in Sources */ = {isa = PBXBuildFile; fileRef = 9FB5DEB4258C919500C5B7B5 /* DailyListViewModel.swift */; };
		9FB5DEC8258E1CE100C5B7B5 /* BindingTextField.swift in Sources */ = {isa = PBXBuildFile; fileRef = 9FB5DEC7258E1CE100C5B7B5 /* BindingTextField.swift */; };
		9FB5DECD258E3EAB00C5B7B5 /* DailyCell.swift in Sources */ = {isa = PBXBuildFile; fileRef = 9FB5DECC258E3EAB00C5B7B5 /* DailyCell.swift */; };
/* End PBXBuildFile section */

/* Begin PBXContainerItemProxy section */
		9FB5DE33258A106500C5B7B5 /* PBXContainerItemProxy */ = {
			isa = PBXContainerItemProxy;
			containerPortal = 9FB5DE11258A106300C5B7B5 /* Project object */;
			proxyType = 1;
			remoteGlobalIDString = 9FB5DE18258A106300C5B7B5;
			remoteInfo = AIASingaporeProject;
		};
		9FB5DE3E258A106500C5B7B5 /* PBXContainerItemProxy */ = {
			isa = PBXContainerItemProxy;
			containerPortal = 9FB5DE11258A106300C5B7B5 /* Project object */;
			proxyType = 1;
			remoteGlobalIDString = 9FB5DE18258A106300C5B7B5;
			remoteInfo = AIASingaporeProject;
		};
/* End PBXContainerItemProxy section */

/* Begin PBXFileReference section */
		9FA6EE38258F8DC60044B794 /* NotificationCenter.swift */ = {isa = PBXFileReference; lastKnownFileType = sourcecode.swift; path = NotificationCenter.swift; sourceTree = "<group>"; };
		9FA6EE53258FD7DF0044B794 /* UserDefault.swift */ = {isa = PBXFileReference; lastKnownFileType = sourcecode.swift; path = UserDefault.swift; sourceTree = "<group>"; };
		9FB5DE19258A106300C5B7B5 /* AIASingaporeProject.app */ = {isa = PBXFileReference; explicitFileType = wrapper.application; includeInIndex = 0; path = AIASingaporeProject.app; sourceTree = BUILT_PRODUCTS_DIR; };
		9FB5DE1C258A106300C5B7B5 /* AppDelegate.swift */ = {isa = PBXFileReference; lastKnownFileType = sourcecode.swift; path = AppDelegate.swift; sourceTree = "<group>"; };
		9FB5DE1E258A106300C5B7B5 /* SceneDelegate.swift */ = {isa = PBXFileReference; lastKnownFileType = sourcecode.swift; path = SceneDelegate.swift; sourceTree = "<group>"; };
		9FB5DE20258A106300C5B7B5 /* IntradayVC.swift */ = {isa = PBXFileReference; lastKnownFileType = sourcecode.swift; path = IntradayVC.swift; sourceTree = "<group>"; };
		9FB5DE23258A106300C5B7B5 /* Base */ = {isa = PBXFileReference; lastKnownFileType = file.storyboard; name = Base; path = Base.lproj/Main.storyboard; sourceTree = "<group>"; };
		9FB5DE26258A106300C5B7B5 /* AIASingaporeProject.xcdatamodel */ = {isa = PBXFileReference; lastKnownFileType = wrapper.xcdatamodel; path = AIASingaporeProject.xcdatamodel; sourceTree = "<group>"; };
		9FB5DE28258A106500C5B7B5 /* Assets.xcassets */ = {isa = PBXFileReference; lastKnownFileType = folder.assetcatalog; path = Assets.xcassets; sourceTree = "<group>"; };
		9FB5DE2B258A106500C5B7B5 /* Base */ = {isa = PBXFileReference; lastKnownFileType = file.storyboard; name = Base; path = Base.lproj/LaunchScreen.storyboard; sourceTree = "<group>"; };
		9FB5DE2D258A106500C5B7B5 /* Info.plist */ = {isa = PBXFileReference; lastKnownFileType = text.plist.xml; path = Info.plist; sourceTree = "<group>"; };
		9FB5DE32258A106500C5B7B5 /* AIASingaporeProjectTests.xctest */ = {isa = PBXFileReference; explicitFileType = wrapper.cfbundle; includeInIndex = 0; path = AIASingaporeProjectTests.xctest; sourceTree = BUILT_PRODUCTS_DIR; };
		9FB5DE36258A106500C5B7B5 /* AIASingaporeProjectTests.swift */ = {isa = PBXFileReference; lastKnownFileType = sourcecode.swift; path = AIASingaporeProjectTests.swift; sourceTree = "<group>"; };
		9FB5DE38258A106500C5B7B5 /* Info.plist */ = {isa = PBXFileReference; lastKnownFileType = text.plist.xml; path = Info.plist; sourceTree = "<group>"; };
		9FB5DE3D258A106500C5B7B5 /* AIASingaporeProjectUITests.xctest */ = {isa = PBXFileReference; explicitFileType = wrapper.cfbundle; includeInIndex = 0; path = AIASingaporeProjectUITests.xctest; sourceTree = BUILT_PRODUCTS_DIR; };
		9FB5DE41258A106500C5B7B5 /* AIASingaporeProjectUITests.swift */ = {isa = PBXFileReference; lastKnownFileType = sourcecode.swift; path = AIASingaporeProjectUITests.swift; sourceTree = "<group>"; };
		9FB5DE43258A106500C5B7B5 /* Info.plist */ = {isa = PBXFileReference; lastKnownFileType = text.plist.xml; path = Info.plist; sourceTree = "<group>"; };
		9FB5DE52258A13BE00C5B7B5 /* WebServices.swift */ = {isa = PBXFileReference; lastKnownFileType = sourcecode.swift; path = WebServices.swift; sourceTree = "<group>"; };
		9FB5DE74258B288400C5B7B5 /* DailyVC.swift */ = {isa = PBXFileReference; lastKnownFileType = sourcecode.swift; path = DailyVC.swift; sourceTree = "<group>"; };
		9FB5DE79258B289300C5B7B5 /* PreferencesCV.swift */ = {isa = PBXFileReference; lastKnownFileType = sourcecode.swift; path = PreferencesCV.swift; sourceTree = "<group>"; };
		9FB5DE7E258B3E2B00C5B7B5 /* IntradayCell.swift */ = {isa = PBXFileReference; lastKnownFileType = sourcecode.swift; path = IntradayCell.swift; sourceTree = "<group>"; };
		9FB5DE93258B558F00C5B7B5 /* IntradayListViewModel.swift */ = {isa = PBXFileReference; lastKnownFileType = sourcecode.swift; path = IntradayListViewModel.swift; sourceTree = "<group>"; };
		9FB5DEB4258C919500C5B7B5 /* DailyListViewModel.swift */ = {isa = PBXFileReference; lastKnownFileType = sourcecode.swift; path = DailyListViewModel.swift; sourceTree = "<group>"; };
		9FB5DEC7258E1CE100C5B7B5 /* BindingTextField.swift */ = {isa = PBXFileReference; lastKnownFileType = sourcecode.swift; path = BindingTextField.swift; sourceTree = "<group>"; };
		9FB5DECC258E3EAB00C5B7B5 /* DailyCell.swift */ = {isa = PBXFileReference; lastKnownFileType = sourcecode.swift; path = DailyCell.swift; sourceTree = "<group>"; };
/* End PBXFileReference section */

/* Begin PBXFrameworksBuildPhase section */
		9FB5DE16258A106300C5B7B5 /* Frameworks */ = {
			isa = PBXFrameworksBuildPhase;
			buildActionMask = 2147483647;
			files = (
			);
			runOnlyForDeploymentPostprocessing = 0;
		};
		9FB5DE2F258A106500C5B7B5 /* Frameworks */ = {
			isa = PBXFrameworksBuildPhase;
			buildActionMask = 2147483647;
			files = (
			);
			runOnlyForDeploymentPostprocessing = 0;
		};
		9FB5DE3A258A106500C5B7B5 /* Frameworks */ = {
			isa = PBXFrameworksBuildPhase;
			buildActionMask = 2147483647;
			files = (
			);
			runOnlyForDeploymentPostprocessing = 0;
		};
/* End PBXFrameworksBuildPhase section */

/* Begin PBXGroup section */
		9FB5DE10258A106300C5B7B5 = {
			isa = PBXGroup;
			children = (
				9FB5DE1B258A106300C5B7B5 /* AIASingaporeProject */,
				9FB5DE35258A106500C5B7B5 /* AIASingaporeProjectTests */,
				9FB5DE40258A106500C5B7B5 /* AIASingaporeProjectUITests */,
				9FB5DE1A258A106300C5B7B5 /* Products */,
			);
			sourceTree = "<group>";
		};
		9FB5DE1A258A106300C5B7B5 /* Products */ = {
			isa = PBXGroup;
			children = (
				9FB5DE19258A106300C5B7B5 /* AIASingaporeProject.app */,
				9FB5DE32258A106500C5B7B5 /* AIASingaporeProjectTests.xctest */,
				9FB5DE3D258A106500C5B7B5 /* AIASingaporeProjectUITests.xctest */,
			);
			name = Products;
			sourceTree = "<group>";
		};
		9FB5DE1B258A106300C5B7B5 /* AIASingaporeProject */ = {
			isa = PBXGroup;
			children = (
				9FB5DEA7258B636400C5B7B5 /* Extension */,
				9FB5DE57258A13D100C5B7B5 /* Services */,
				9FB5DE98258B559700C5B7B5 /* ViewModel */,
				9FB5DE6A258B14B700C5B7B5 /* View */,
				9FB5DE1C258A106300C5B7B5 /* AppDelegate.swift */,
				9FB5DE1E258A106300C5B7B5 /* SceneDelegate.swift */,
				9FB5DE22258A106300C5B7B5 /* Main.storyboard */,
				9FB5DE28258A106500C5B7B5 /* Assets.xcassets */,
				9FB5DE2A258A106500C5B7B5 /* LaunchScreen.storyboard */,
				9FB5DE2D258A106500C5B7B5 /* Info.plist */,
				9FB5DE25258A106300C5B7B5 /* AIASingaporeProject.xcdatamodeld */,
			);
			path = AIASingaporeProject;
			sourceTree = "<group>";
		};
		9FB5DE35258A106500C5B7B5 /* AIASingaporeProjectTests */ = {
			isa = PBXGroup;
			children = (
				9FB5DE36258A106500C5B7B5 /* AIASingaporeProjectTests.swift */,
				9FB5DE38258A106500C5B7B5 /* Info.plist */,
			);
			path = AIASingaporeProjectTests;
			sourceTree = "<group>";
		};
		9FB5DE40258A106500C5B7B5 /* AIASingaporeProjectUITests */ = {
			isa = PBXGroup;
			children = (
				9FB5DE41258A106500C5B7B5 /* AIASingaporeProjectUITests.swift */,
				9FB5DE43258A106500C5B7B5 /* Info.plist */,
			);
			path = AIASingaporeProjectUITests;
			sourceTree = "<group>";
		};
		9FB5DE57258A13D100C5B7B5 /* Services */ = {
			isa = PBXGroup;
			children = (
				9FB5DE52258A13BE00C5B7B5 /* WebServices.swift */,
			);
			path = Services;
			sourceTree = "<group>";
		};
		9FB5DE6A258B14B700C5B7B5 /* View */ = {
			isa = PBXGroup;
			children = (
				9FB5DE20258A106300C5B7B5 /* IntradayVC.swift */,
				9FB5DE74258B288400C5B7B5 /* DailyVC.swift */,
				9FB5DE79258B289300C5B7B5 /* PreferencesCV.swift */,
				9FB5DE7E258B3E2B00C5B7B5 /* IntradayCell.swift */,
				9FB5DECC258E3EAB00C5B7B5 /* DailyCell.swift */,
			);
			path = View;
			sourceTree = "<group>";
		};
		9FB5DE98258B559700C5B7B5 /* ViewModel */ = {
			isa = PBXGroup;
			children = (
				9FB5DE93258B558F00C5B7B5 /* IntradayListViewModel.swift */,
				9FB5DEB4258C919500C5B7B5 /* DailyListViewModel.swift */,
			);
			path = ViewModel;
			sourceTree = "<group>";
		};
		9FB5DEA7258B636400C5B7B5 /* Extension */ = {
			isa = PBXGroup;
			children = (
				9FB5DEC7258E1CE100C5B7B5 /* BindingTextField.swift */,
				9FA6EE38258F8DC60044B794 /* NotificationCenter.swift */,
				9FA6EE53258FD7DF0044B794 /* UserDefault.swift */,
			);
			path = Extension;
			sourceTree = "<group>";
		};
/* End PBXGroup section */

/* Begin PBXNativeTarget section */
		9FB5DE18258A106300C5B7B5 /* AIASingaporeProject */ = {
			isa = PBXNativeTarget;
			buildConfigurationList = 9FB5DE46258A106500C5B7B5 /* Build configuration list for PBXNativeTarget "AIASingaporeProject" */;
			buildPhases = (
				9FB5DE15258A106300C5B7B5 /* Sources */,
				9FB5DE16258A106300C5B7B5 /* Frameworks */,
				9FB5DE17258A106300C5B7B5 /* Resources */,
			);
			buildRules = (
			);
			dependencies = (
			);
			name = AIASingaporeProject;
			productName = AIASingaporeProject;
			productReference = 9FB5DE19258A106300C5B7B5 /* AIASingaporeProject.app */;
			productType = "com.apple.product-type.application";
		};
		9FB5DE31258A106500C5B7B5 /* AIASingaporeProjectTests */ = {
			isa = PBXNativeTarget;
			buildConfigurationList = 9FB5DE49258A106500C5B7B5 /* Build configuration list for PBXNativeTarget "AIASingaporeProjectTests" */;
			buildPhases = (
				9FB5DE2E258A106500C5B7B5 /* Sources */,
				9FB5DE2F258A106500C5B7B5 /* Frameworks */,
				9FB5DE30258A106500C5B7B5 /* Resources */,
			);
			buildRules = (
			);
			dependencies = (
				9FB5DE34258A106500C5B7B5 /* PBXTargetDependency */,
			);
			name = AIASingaporeProjectTests;
			productName = AIASingaporeProjectTests;
			productReference = 9FB5DE32258A106500C5B7B5 /* AIASingaporeProjectTests.xctest */;
			productType = "com.apple.product-type.bundle.unit-test";
		};
		9FB5DE3C258A106500C5B7B5 /* AIASingaporeProjectUITests */ = {
			isa = PBXNativeTarget;
			buildConfigurationList = 9FB5DE4C258A106500C5B7B5 /* Build configuration list for PBXNativeTarget "AIASingaporeProjectUITests" */;
			buildPhases = (
				9FB5DE39258A106500C5B7B5 /* Sources */,
				9FB5DE3A258A106500C5B7B5 /* Frameworks */,
				9FB5DE3B258A106500C5B7B5 /* Resources */,
			);
			buildRules = (
			);
			dependencies = (
				9FB5DE3F258A106500C5B7B5 /* PBXTargetDependency */,
			);
			name = AIASingaporeProjectUITests;
			productName = AIASingaporeProjectUITests;
			productReference = 9FB5DE3D258A106500C5B7B5 /* AIASingaporeProjectUITests.xctest */;
			productType = "com.apple.product-type.bundle.ui-testing";
		};
/* End PBXNativeTarget section */

/* Begin PBXProject section */
		9FB5DE11258A106300C5B7B5 /* Project object */ = {
			isa = PBXProject;
			attributes = {
				LastSwiftUpdateCheck = 1210;
				LastUpgradeCheck = 1210;
				TargetAttributes = {
					9FB5DE18258A106300C5B7B5 = {
						CreatedOnToolsVersion = 12.1;
					};
					9FB5DE31258A106500C5B7B5 = {
						CreatedOnToolsVersion = 12.1;
						TestTargetID = 9FB5DE18258A106300C5B7B5;
					};
					9FB5DE3C258A106500C5B7B5 = {
						CreatedOnToolsVersion = 12.1;
						TestTargetID = 9FB5DE18258A106300C5B7B5;
					};
				};
			};
			buildConfigurationList = 9FB5DE14258A106300C5B7B5 /* Build configuration list for PBXProject "AIASingaporeProject" */;
			compatibilityVersion = "Xcode 9.3";
			developmentRegion = en;
			hasScannedForEncodings = 0;
			knownRegions = (
				en,
				Base,
			);
			mainGroup = 9FB5DE10258A106300C5B7B5;
			productRefGroup = 9FB5DE1A258A106300C5B7B5 /* Products */;
			projectDirPath = "";
			projectRoot = "";
			targets = (
				9FB5DE18258A106300C5B7B5 /* AIASingaporeProject */,
				9FB5DE31258A106500C5B7B5 /* AIASingaporeProjectTests */,
				9FB5DE3C258A106500C5B7B5 /* AIASingaporeProjectUITests */,
			);
		};
/* End PBXProject section */

/* Begin PBXResourcesBuildPhase section */
		9FB5DE17258A106300C5B7B5 /* Resources */ = {
			isa = PBXResourcesBuildPhase;
			buildActionMask = 2147483647;
			files = (
				9FB5DE2C258A106500C5B7B5 /* LaunchScreen.storyboard in Resources */,
				9FB5DE29258A106500C5B7B5 /* Assets.xcassets in Resources */,
				9FB5DE24258A106300C5B7B5 /* Main.storyboard in Resources */,
			);
			runOnlyForDeploymentPostprocessing = 0;
		};
		9FB5DE30258A106500C5B7B5 /* Resources */ = {
			isa = PBXResourcesBuildPhase;
			buildActionMask = 2147483647;
			files = (
			);
			runOnlyForDeploymentPostprocessing = 0;
		};
		9FB5DE3B258A106500C5B7B5 /* Resources */ = {
			isa = PBXResourcesBuildPhase;
			buildActionMask = 2147483647;
			files = (
			);
			runOnlyForDeploymentPostprocessing = 0;
		};
/* End PBXResourcesBuildPhase section */

/* Begin PBXSourcesBuildPhase section */
		9FB5DE15258A106300C5B7B5 /* Sources */ = {
			isa = PBXSourcesBuildPhase;
			buildActionMask = 2147483647;
			files = (
				9FB5DE53258A13BE00C5B7B5 /* WebServices.swift in Sources */,
				9FB5DECD258E3EAB00C5B7B5 /* DailyCell.swift in Sources */,
				9FB5DE27258A106300C5B7B5 /* AIASingaporeProject.xcdatamodeld in Sources */,
				9FB5DE21258A106300C5B7B5 /* IntradayVC.swift in Sources */,
				9FB5DE94258B558F00C5B7B5 /* IntradayListViewModel.swift in Sources */,
				9FB5DE1D258A106300C5B7B5 /* AppDelegate.swift in Sources */,
				9FB5DE7A258B289300C5B7B5 /* PreferencesCV.swift in Sources */,
				9FA6EE39258F8DC60044B794 /* NotificationCenter.swift in Sources */,
				9FA6EE54258FD7DF0044B794 /* UserDefault.swift in Sources */,
				9FB5DE1F258A106300C5B7B5 /* SceneDelegate.swift in Sources */,
				9FB5DEB5258C919500C5B7B5 /* DailyListViewModel.swift in Sources */,
				9FB5DEC8258E1CE100C5B7B5 /* BindingTextField.swift in Sources */,
				9FB5DE75258B288400C5B7B5 /* DailyVC.swift in Sources */,
				9FB5DE7F258B3E2B00C5B7B5 /* IntradayCell.swift in Sources */,
			);
			runOnlyForDeploymentPostprocessing = 0;
		};
		9FB5DE2E258A106500C5B7B5 /* Sources */ = {
			isa = PBXSourcesBuildPhase;
			buildActionMask = 2147483647;
			files = (
				9FB5DE37258A106500C5B7B5 /* AIASingaporeProjectTests.swift in Sources */,
			);
			runOnlyForDeploymentPostprocessing = 0;
		};
		9FB5DE39258A106500C5B7B5 /* Sources */ = {
			isa = PBXSourcesBuildPhase;
			buildActionMask = 2147483647;
			files = (
				9FB5DE42258A106500C5B7B5 /* AIASingaporeProjectUITests.swift in Sources */,
			);
			runOnlyForDeploymentPostprocessing = 0;
		};
/* End PBXSourcesBuildPhase section */

/* Begin PBXTargetDependency section */
		9FB5DE34258A106500C5B7B5 /* PBXTargetDependency */ = {
			isa = PBXTargetDependency;
			target = 9FB5DE18258A106300C5B7B5 /* AIASingaporeProject */;
			targetProxy = 9FB5DE33258A106500C5B7B5 /* PBXContainerItemProxy */;
		};
		9FB5DE3F258A106500C5B7B5 /* PBXTargetDependency */ = {
			isa = PBXTargetDependency;
			target = 9FB5DE18258A106300C5B7B5 /* AIASingaporeProject */;
			targetProxy = 9FB5DE3E258A106500C5B7B5 /* PBXContainerItemProxy */;
		};
/* End PBXTargetDependency section */

/* Begin PBXVariantGroup section */
		9FB5DE22258A106300C5B7B5 /* Main.storyboard */ = {
			isa = PBXVariantGroup;
			children = (
				9FB5DE23258A106300C5B7B5 /* Base */,
			);
			name = Main.storyboard;
			sourceTree = "<group>";
		};
		9FB5DE2A258A106500C5B7B5 /* LaunchScreen.storyboard */ = {
			isa = PBXVariantGroup;
			children = (
				9FB5DE2B258A106500C5B7B5 /* Base */,
			);
			name = LaunchScreen.storyboard;
			sourceTree = "<group>";
		};
/* End PBXVariantGroup section */

/* Begin XCBuildConfiguration section */
		9FB5DE44258A106500C5B7B5 /* Debug */ = {
			isa = XCBuildConfiguration;
			buildSettings = {
				ALWAYS_SEARCH_USER_PATHS = NO;
				CLANG_ANALYZER_NONNULL = YES;
				CLANG_ANALYZER_NUMBER_OBJECT_CONVERSION = YES_AGGRESSIVE;
				CLANG_CXX_LANGUAGE_STANDARD = "gnu++14";
				CLANG_CXX_LIBRARY = "libc++";
				CLANG_ENABLE_MODULES = YES;
				CLANG_ENABLE_OBJC_ARC = YES;
				CLANG_ENABLE_OBJC_WEAK = YES;
				CLANG_WARN_BLOCK_CAPTURE_AUTORELEASING = YES;
				CLANG_WARN_BOOL_CONVERSION = YES;
				CLANG_WARN_COMMA = YES;
				CLANG_WARN_CONSTANT_CONVERSION = YES;
				CLANG_WARN_DEPRECATED_OBJC_IMPLEMENTATIONS = YES;
				CLANG_WARN_DIRECT_OBJC_ISA_USAGE = YES_ERROR;
				CLANG_WARN_DOCUMENTATION_COMMENTS = YES;
				CLANG_WARN_EMPTY_BODY = YES;
				CLANG_WARN_ENUM_CONVERSION = YES;
				CLANG_WARN_INFINITE_RECURSION = YES;
				CLANG_WARN_INT_CONVERSION = YES;
				CLANG_WARN_NON_LITERAL_NULL_CONVERSION = YES;
				CLANG_WARN_OBJC_IMPLICIT_RETAIN_SELF = YES;
				CLANG_WARN_OBJC_LITERAL_CONVERSION = YES;
				CLANG_WARN_OBJC_ROOT_CLASS = YES_ERROR;
				CLANG_WARN_QUOTED_INCLUDE_IN_FRAMEWORK_HEADER = YES;
				CLANG_WARN_RANGE_LOOP_ANALYSIS = YES;
				CLANG_WARN_STRICT_PROTOTYPES = YES;
				CLANG_WARN_SUSPICIOUS_MOVE = YES;
				CLANG_WARN_UNGUARDED_AVAILABILITY = YES_AGGRESSIVE;
				CLANG_WARN_UNREACHABLE_CODE = YES;
				CLANG_WARN__DUPLICATE_METHOD_MATCH = YES;
				COPY_PHASE_STRIP = NO;
				DEBUG_INFORMATION_FORMAT = dwarf;
				ENABLE_STRICT_OBJC_MSGSEND = YES;
				ENABLE_TESTABILITY = YES;
				GCC_C_LANGUAGE_STANDARD = gnu11;
				GCC_DYNAMIC_NO_PIC = NO;
				GCC_NO_COMMON_BLOCKS = YES;
				GCC_OPTIMIZATION_LEVEL = 0;
				GCC_PREPROCESSOR_DEFINITIONS = (
					"DEBUG=1",
					"$(inherited)",
				);
				GCC_WARN_64_TO_32_BIT_CONVERSION = YES;
				GCC_WARN_ABOUT_RETURN_TYPE = YES_ERROR;
				GCC_WARN_UNDECLARED_SELECTOR = YES;
				GCC_WARN_UNINITIALIZED_AUTOS = YES_AGGRESSIVE;
				GCC_WARN_UNUSED_FUNCTION = YES;
				GCC_WARN_UNUSED_VARIABLE = YES;
				IPHONEOS_DEPLOYMENT_TARGET = 14.1;
				MTL_ENABLE_DEBUG_INFO = INCLUDE_SOURCE;
				MTL_FAST_MATH = YES;
				ONLY_ACTIVE_ARCH = YES;
				SDKROOT = iphoneos;
				SWIFT_ACTIVE_COMPILATION_CONDITIONS = DEBUG;
				SWIFT_OPTIMIZATION_LEVEL = "-Onone";
			};
			name = Debug;
		};
		9FB5DE45258A106500C5B7B5 /* Release */ = {
			isa = XCBuildConfiguration;
			buildSettings = {
				ALWAYS_SEARCH_USER_PATHS = NO;
				CLANG_ANALYZER_NONNULL = YES;
				CLANG_ANALYZER_NUMBER_OBJECT_CONVERSION = YES_AGGRESSIVE;
				CLANG_CXX_LANGUAGE_STANDARD = "gnu++14";
				CLANG_CXX_LIBRARY = "libc++";
				CLANG_ENABLE_MODULES = YES;
				CLANG_ENABLE_OBJC_ARC = YES;
				CLANG_ENABLE_OBJC_WEAK = YES;
				CLANG_WARN_BLOCK_CAPTURE_AUTORELEASING = YES;
				CLANG_WARN_BOOL_CONVERSION = YES;
				CLANG_WARN_COMMA = YES;
				CLANG_WARN_CONSTANT_CONVERSION = YES;
				CLANG_WARN_DEPRECATED_OBJC_IMPLEMENTATIONS = YES;
				CLANG_WARN_DIRECT_OBJC_ISA_USAGE = YES_ERROR;
				CLANG_WARN_DOCUMENTATION_COMMENTS = YES;
				CLANG_WARN_EMPTY_BODY = YES;
				CLANG_WARN_ENUM_CONVERSION = YES;
				CLANG_WARN_INFINITE_RECURSION = YES;
				CLANG_WARN_INT_CONVERSION = YES;
				CLANG_WARN_NON_LITERAL_NULL_CONVERSION = YES;
				CLANG_WARN_OBJC_IMPLICIT_RETAIN_SELF = YES;
				CLANG_WARN_OBJC_LITERAL_CONVERSION = YES;
				CLANG_WARN_OBJC_ROOT_CLASS = YES_ERROR;
				CLANG_WARN_QUOTED_INCLUDE_IN_FRAMEWORK_HEADER = YES;
				CLANG_WARN_RANGE_LOOP_ANALYSIS = YES;
				CLANG_WARN_STRICT_PROTOTYPES = YES;
				CLANG_WARN_SUSPICIOUS_MOVE = YES;
				CLANG_WARN_UNGUARDED_AVAILABILITY = YES_AGGRESSIVE;
				CLANG_WARN_UNREACHABLE_CODE = YES;
				CLANG_WARN__DUPLICATE_METHOD_MATCH = YES;
				COPY_PHASE_STRIP = NO;
				DEBUG_INFORMATION_FORMAT = "dwarf-with-dsym";
				ENABLE_NS_ASSERTIONS = NO;
				ENABLE_STRICT_OBJC_MSGSEND = YES;
				GCC_C_LANGUAGE_STANDARD = gnu11;
				GCC_NO_COMMON_BLOCKS = YES;
				GCC_WARN_64_TO_32_BIT_CONVERSION = YES;
				GCC_WARN_ABOUT_RETURN_TYPE = YES_ERROR;
				GCC_WARN_UNDECLARED_SELECTOR = YES;
				GCC_WARN_UNINITIALIZED_AUTOS = YES_AGGRESSIVE;
				GCC_WARN_UNUSED_FUNCTION = YES;
				GCC_WARN_UNUSED_VARIABLE = YES;
				IPHONEOS_DEPLOYMENT_TARGET = 14.1;
				MTL_ENABLE_DEBUG_INFO = NO;
				MTL_FAST_MATH = YES;
				SDKROOT = iphoneos;
				SWIFT_COMPILATION_MODE = wholemodule;
				SWIFT_OPTIMIZATION_LEVEL = "-O";
				VALIDATE_PRODUCT = YES;
			};
			name = Release;
		};
		9FB5DE47258A106500C5B7B5 /* Debug */ = {
			isa = XCBuildConfiguration;
			buildSettings = {
				ASSETCATALOG_COMPILER_APPICON_NAME = AppIcon;
				ASSETCATALOG_COMPILER_GLOBAL_ACCENT_COLOR_NAME = AccentColor;
				CODE_SIGN_STYLE = Automatic;
				DEVELOPMENT_TEAM = LYU3UQH224;
				INFOPLIST_FILE = AIASingaporeProject/Info.plist;
				LD_RUNPATH_SEARCH_PATHS = (
					"$(inherited)",
					"@executable_path/Frameworks",
				);
				PRODUCT_BUNDLE_IDENTIFIER = com.AIASingaporeProject;
				PRODUCT_NAME = "$(TARGET_NAME)";
				SWIFT_VERSION = 5.0;
				TARGETED_DEVICE_FAMILY = "1,2";
			};
			name = Debug;
		};
		9FB5DE48258A106500C5B7B5 /* Release */ = {
			isa = XCBuildConfiguration;
			buildSettings = {
				ASSETCATALOG_COMPILER_APPICON_NAME = AppIcon;
				ASSETCATALOG_COMPILER_GLOBAL_ACCENT_COLOR_NAME = AccentColor;
				CODE_SIGN_STYLE = Automatic;
				DEVELOPMENT_TEAM = LYU3UQH224;
				INFOPLIST_FILE = AIASingaporeProject/Info.plist;
				LD_RUNPATH_SEARCH_PATHS = (
					"$(inherited)",
					"@executable_path/Frameworks",
				);
				PRODUCT_BUNDLE_IDENTIFIER = com.AIASingaporeProject;
				PRODUCT_NAME = "$(TARGET_NAME)";
				SWIFT_VERSION = 5.0;
				TARGETED_DEVICE_FAMILY = "1,2";
			};
			name = Release;
		};
		9FB5DE4A258A106500C5B7B5 /* Debug */ = {
			isa = XCBuildConfiguration;
			buildSettings = {
				ALWAYS_EMBED_SWIFT_STANDARD_LIBRARIES = YES;
				BUNDLE_LOADER = "$(TEST_HOST)";
				CODE_SIGN_STYLE = Automatic;
				DEVELOPMENT_TEAM = LYU3UQH224;
				INFOPLIST_FILE = AIASingaporeProjectTests/Info.plist;
				IPHONEOS_DEPLOYMENT_TARGET = 14.1;
				LD_RUNPATH_SEARCH_PATHS = (
					"$(inherited)",
					"@executable_path/Frameworks",
					"@loader_path/Frameworks",
				);
				PRODUCT_BUNDLE_IDENTIFIER = com.AIASingaporeProjectTests;
				PRODUCT_NAME = "$(TARGET_NAME)";
				SWIFT_VERSION = 5.0;
				TARGETED_DEVICE_FAMILY = "1,2";
				TEST_HOST = "$(BUILT_PRODUCTS_DIR)/AIASingaporeProject.app/AIASingaporeProject";
			};
			name = Debug;
		};
		9FB5DE4B258A106500C5B7B5 /* Release */ = {
			isa = XCBuildConfiguration;
			buildSettings = {
				ALWAYS_EMBED_SWIFT_STANDARD_LIBRARIES = YES;
				BUNDLE_LOADER = "$(TEST_HOST)";
				CODE_SIGN_STYLE = Automatic;
				DEVELOPMENT_TEAM = LYU3UQH224;
				INFOPLIST_FILE = AIASingaporeProjectTests/Info.plist;
				IPHONEOS_DEPLOYMENT_TARGET = 14.1;
				LD_RUNPATH_SEARCH_PATHS = (
					"$(inherited)",
					"@executable_path/Frameworks",
					"@loader_path/Frameworks",
				);
				PRODUCT_BUNDLE_IDENTIFIER = com.AIASingaporeProjectTests;
				PRODUCT_NAME = "$(TARGET_NAME)";
				SWIFT_VERSION = 5.0;
				TARGETED_DEVICE_FAMILY = "1,2";
				TEST_HOST = "$(BUILT_PRODUCTS_DIR)/AIASingaporeProject.app/AIASingaporeProject";
			};
			name = Release;
		};
		9FB5DE4D258A106500C5B7B5 /* Debug */ = {
			isa = XCBuildConfiguration;
			buildSettings = {
				ALWAYS_EMBED_SWIFT_STANDARD_LIBRARIES = YES;
				CODE_SIGN_STYLE = Automatic;
				DEVELOPMENT_TEAM = LYU3UQH224;
				INFOPLIST_FILE = AIASingaporeProjectUITests/Info.plist;
				LD_RUNPATH_SEARCH_PATHS = (
					"$(inherited)",
					"@executable_path/Frameworks",
					"@loader_path/Frameworks",
				);
				PRODUCT_BUNDLE_IDENTIFIER = com.AIASingaporeProjectUITests;
				PRODUCT_NAME = "$(TARGET_NAME)";
				SWIFT_VERSION = 5.0;
				TARGETED_DEVICE_FAMILY = "1,2";
				TEST_TARGET_NAME = AIASingaporeProject;
			};
			name = Debug;
		};
		9FB5DE4E258A106500C5B7B5 /* Release */ = {
			isa = XCBuildConfiguration;
			buildSettings = {
				ALWAYS_EMBED_SWIFT_STANDARD_LIBRARIES = YES;
				CODE_SIGN_STYLE = Automatic;
				DEVELOPMENT_TEAM = LYU3UQH224;
				INFOPLIST_FILE = AIASingaporeProjectUITests/Info.plist;
				LD_RUNPATH_SEARCH_PATHS = (
					"$(inherited)",
					"@executable_path/Frameworks",
					"@loader_path/Frameworks",
				);
				PRODUCT_BUNDLE_IDENTIFIER = com.AIASingaporeProjectUITests;
				PRODUCT_NAME = "$(TARGET_NAME)";
				SWIFT_VERSION = 5.0;
				TARGETED_DEVICE_FAMILY = "1,2";
				TEST_TARGET_NAME = AIASingaporeProject;
			};
			name = Release;
		};
/* End XCBuildConfiguration section */

/* Begin XCConfigurationList section */
		9FB5DE14258A106300C5B7B5 /* Build configuration list for PBXProject "AIASingaporeProject" */ = {
			isa = XCConfigurationList;
			buildConfigurations = (
				9FB5DE44258A106500C5B7B5 /* Debug */,
				9FB5DE45258A106500C5B7B5 /* Release */,
			);
			defaultConfigurationIsVisible = 0;
			defaultConfigurationName = Release;
		};
		9FB5DE46258A106500C5B7B5 /* Build configuration list for PBXNativeTarget "AIASingaporeProject" */ = {
			isa = XCConfigurationList;
			buildConfigurations = (
				9FB5DE47258A106500C5B7B5 /* Debug */,
				9FB5DE48258A106500C5B7B5 /* Release */,
			);
			defaultConfigurationIsVisible = 0;
			defaultConfigurationName = Release;
		};
		9FB5DE49258A106500C5B7B5 /* Build configuration list for PBXNativeTarget "AIASingaporeProjectTests" */ = {
			isa = XCConfigurationList;
			buildConfigurations = (
				9FB5DE4A258A106500C5B7B5 /* Debug */,
				9FB5DE4B258A106500C5B7B5 /* Release */,
			);
			defaultConfigurationIsVisible = 0;
			defaultConfigurationName = Release;
		};
		9FB5DE4C258A106500C5B7B5 /* Build configuration list for PBXNativeTarget "AIASingaporeProjectUITests" */ = {
			isa = XCConfigurationList;
			buildConfigurations = (
				9FB5DE4D258A106500C5B7B5 /* Debug */,
				9FB5DE4E258A106500C5B7B5 /* Release */,
			);
			defaultConfigurationIsVisible = 0;
			defaultConfigurationName = Release;
		};
/* End XCConfigurationList section */

/* Begin XCVersionGroup section */
		9FB5DE25258A106300C5B7B5 /* AIASingaporeProject.xcdatamodeld */ = {
			isa = XCVersionGroup;
			children = (
				9FB5DE26258A106300C5B7B5 /* AIASingaporeProject.xcdatamodel */,
			);
			currentVersion = 9FB5DE26258A106300C5B7B5 /* AIASingaporeProject.xcdatamodel */;
			path = AIASingaporeProject.xcdatamodeld;
			sourceTree = "<group>";
			versionGroupType = wrapper.xcdatamodel;
		};
/* End XCVersionGroup section */
	};
	rootObject = 9FB5DE11258A106300C5B7B5 /* Project object */;
}
